
Microsoft Visual Studio Solution File, Format Version 12.00
# Visual Studio Version 17
VisualStudioVersion = 17.3.32929.385
MinimumVisualStudioVersion = 10.0.40219.1
Project("{FAE04EC0-301F-11D3-BF4B-00C04F79EFBC}") = "WhereToStay", "WhereToStay\WhereToStay.csproj", "{A7EFA301-8F11-4584-AFF1-FD0E2E176ACA}"
EndProject
Global
	GlobalSection(SolutionConfigurationPlatforms) = preSolution
		Debug|Any CPU = Debug|Any CPU
		Release|Any CPU = Release|Any CPU
	EndGlobalSection
	GlobalSection(ProjectConfigurationPlatforms) = postSolution
		{A7EFA301-8F11-4584-AFF1-FD0E2E176ACA}.Debug|Any CPU.ActiveCfg = Debug|Any CPU
		{A7EFA301-8F11-4584-AFF1-FD0E2E176ACA}.Debug|Any CPU.Build.0 = Debug|Any CPU
		{A7EFA301-8F11-4584-AFF1-FD0E2E176ACA}.Release|Any CPU.ActiveCfg = Release|Any CPU
		{A7EFA301-8F11-4584-AFF1-FD0E2E176ACA}.Release|Any CPU.Build.0 = Release|Any CPU
	EndGlobalSection
	GlobalSection(SolutionProperties) = preSolution
		HideSolutionNode = FALSE
	EndGlobalSection
	GlobalSection(ExtensibilityGlobals) = postSolution
		SolutionGuid = {45C2FE2A-F5C4-4A32-B542-185C37EBE51D}
	EndGlobalSection
EndGlobal
